Microsoft Visual Studio Solution File, Format Version 12.00
# Visual Studio Version 17
VisualStudioVersion = 17.5.2.0
MinimumVisualStudioVersion = 10.0.40219.1
Project("{FAE04EC0-301F-11D3-BF4B-00C04F79EFBC}") = "CatrinasAPI", "CatrinasAPI.csproj", "{29FAC281-41A6-E95B-38A5-DE302CFBD2DA}"
EndProject
Global
	GlobalSection(SolutionConfigurationPlatforms) = preSolution
		Debug|Any CPU = Debug|Any CPU
		Release|Any CPU = Release|Any CPU
	EndGlobalSection
	GlobalSection(ProjectConfigurationPlatforms) = postSolution
		{29FAC281-41A6-E95B-38A5-DE302CFBD2DA}.Debug|Any CPU.ActiveCfg = Debug|Any CPU
		{29FAC281-41A6-E95B-38A5-DE302CFBD2DA}.Debug|Any CPU.Build.0 = Debug|Any CPU
		{29FAC281-41A6-E95B-38A5-DE302CFBD2DA}.Release|Any CPU.ActiveCfg = Release|Any CPU
		{29FAC281-41A6-E95B-38A5-DE302CFBD2DA}.Release|Any CPU.Build.0 = Release|Any CPU
	EndGlobalSection
	GlobalSection(SolutionProperties) = preSolution
		HideSolutionNode = FALSE
	EndGlobalSection
	GlobalSection(ExtensibilityGlobals) = postSolution
		SolutionGuid = {F873E01D-43BD-447F-9C2A-184CD84A3C4F}
	EndGlobalSection
EndGlobal
